# This file is generated by running "yarn install" inside your project.
# Manual changes might be lost - proceed with caution!

__metadata:
  version: 8
  cacheKey: 10c0

"@biomejs/biome@npm:^1.9.4":
  version: 1.9.4
  resolution: "@biomejs/biome@npm:1.9.4"
  dependencies:
    "@biomejs/cli-darwin-arm64": "npm:1.9.4"
    "@biomejs/cli-darwin-x64": "npm:1.9.4"
    "@biomejs/cli-linux-arm64": "npm:1.9.4"
    "@biomejs/cli-linux-arm64-musl": "npm:1.9.4"
    "@biomejs/cli-linux-x64": "npm:1.9.4"
    "@biomejs/cli-linux-x64-musl": "npm:1.9.4"
    "@biomejs/cli-win32-arm64": "npm:1.9.4"
    "@biomejs/cli-win32-x64": "npm:1.9.4"
  dependenciesMeta:
    "@biomejs/cli-darwin-arm64":
      optional: true
    "@biomejs/cli-darwin-x64":
      optional: true
    "@biomejs/cli-linux-arm64":
      optional: true
    "@biomejs/cli-linux-arm64-musl":
      optional: true
    "@biomejs/cli-linux-x64":
      optional: true
    "@biomejs/cli-linux-x64-musl":
      optional: true
    "@biomejs/cli-win32-arm64":
      optional: true
    "@biomejs/cli-win32-x64":
      optional: true
  bin:
    biome: bin/biome
  checksum: 10c0/b5655c5aed9a6fffe24f7d04f15ba4444389d0e891c9ed9106fab7388ac9b4be63185852cc2a937b22940dac3e550b71032a4afd306925cfea436c33e5646b3e
  languageName: node
  linkType: hard

"@biomejs/cli-darwin-arm64@npm:1.9.4":
  version: 1.9.4
  resolution: "@biomejs/cli-darwin-arm64@npm:1.9.4"
  conditions: os=darwin & cpu=arm64
  languageName: node
  linkType: hard

"@biomejs/cli-darwin-x64@npm:1.9.4":
  version: 1.9.4
  resolution: "@biomejs/cli-darwin-x64@npm:1.9.4"
  conditions: os=darwin & cpu=x64
  languageName: node
  linkType: hard

"@biomejs/cli-linux-arm64-musl@npm:1.9.4":
  version: 1.9.4
  resolution: "@biomejs/cli-linux-arm64-musl@npm:1.9.4"
  conditions: os=linux & cpu=arm64 & libc=musl
  languageName: node
  linkType: hard

"@biomejs/cli-linux-arm64@npm:1.9.4":
  version: 1.9.4
  resolution: "@biomejs/cli-linux-arm64@npm:1.9.4"
  conditions: os=linux & cpu=arm64 & libc=glibc
  languageName: node
  linkType: hard

"@biomejs/cli-linux-x64-musl@npm:1.9.4":
  version: 1.9.4
  resolution: "@biomejs/cli-linux-x64-musl@npm:1.9.4"
  conditions: os=linux & cpu=x64 & libc=musl
  languageName: node
  linkType: hard

"@biomejs/cli-linux-x64@npm:1.9.4":
  version: 1.9.4
  resolution: "@biomejs/cli-linux-x64@npm:1.9.4"
  conditions: os=linux & cpu=x64 & libc=glibc
  languageName: node
  linkType: hard

"@biomejs/cli-win32-arm64@npm:1.9.4":
  version: 1.9.4
  resolution: "@biomejs/cli-win32-arm64@npm:1.9.4"
  conditions: os=win32 & cpu=arm64
  languageName: node
  linkType: hard

"@biomejs/cli-win32-x64@npm:1.9.4":
  version: 1.9.4
  resolution: "@biomejs/cli-win32-x64@npm:1.9.4"
  conditions: os=win32 & cpu=x64
  languageName: node
  linkType: hard

"@bufbuild/protobuf@npm:^2.0.0":
  version: 2.3.0
  resolution: "@bufbuild/protobuf@npm:2.3.0"
  checksum: 10c0/ddd628ffa86fa9a64f7a434a13ebb73200a43ecbecc36001d8d73534c281cecaf2b4ec890a12810ac54302ae10a9fee794b438db91af54e268f8d6cdcdb82a49
  languageName: node
  linkType: hard

"@module-federation/error-codes@npm:0.13.1":
  version: 0.13.1
  resolution: "@module-federation/error-codes@npm:0.13.1"
  checksum: 10c0/335b3df2412be7e71a8d1bb97e88904ebfa52d2dbc65f4dee244d50fa7e2a9b7398be1c7c6932e6f0821958cc9aa3409c43401f2c213a47bbeba46f600faeacd
  languageName: node
  linkType: hard

"@module-federation/runtime-core@npm:0.13.1":
  version: 0.13.1
  resolution: "@module-federation/runtime-core@npm:0.13.1"
  dependencies:
    "@module-federation/error-codes": "npm:0.13.1"
    "@module-federation/sdk": "npm:0.13.1"
  checksum: 10c0/bb23849c9f688ab3eadb07b48f194fbf745a947744dec2589d4307efaa2cb6a49b393b20a03537b174fe573ef1981fbba964723d174974a8cf584a4303015f4b
  languageName: node
  linkType: hard

"@module-federation/runtime-tools@npm:0.13.1":
  version: 0.13.1
  resolution: "@module-federation/runtime-tools@npm:0.13.1"
  dependencies:
    "@module-federation/runtime": "npm:0.13.1"
    "@module-federation/webpack-bundler-runtime": "npm:0.13.1"
  checksum: 10c0/5390d1b6bae2cc926db184cb8243c2204f469c7bb3ad697dfc8258b0ecb77311291cfdd7a54cafc36f11559da2c2c6fdfdfd1ef1919afd236c973641c2d53b0a
  languageName: node
  linkType: hard

"@module-federation/runtime@npm:0.13.1":
  version: 0.13.1
  resolution: "@module-federation/runtime@npm:0.13.1"
  dependencies:
    "@module-federation/error-codes": "npm:0.13.1"
    "@module-federation/runtime-core": "npm:0.13.1"
    "@module-federation/sdk": "npm:0.13.1"
  checksum: 10c0/6daf50f5f426b4f6addbf2ed7285b25dc8f7d74c43d94c67bb51fe989437b663b2f08e6289bc2698b07409081207d7b19328b98b347b947ecb4a8439a1350202
  languageName: node
  linkType: hard

"@module-federation/sdk@npm:0.13.1":
  version: 0.13.1
  resolution: "@module-federation/sdk@npm:0.13.1"
  checksum: 10c0/575810856499dbe058dd350ed739f41b7c93593f673b431c2f524ba1aaf000d4b5b8b3fda95d249b733daf335fb75a7cc0f0fce7e40997ff8625f0d2cb4ca2b6
  languageName: node
  linkType: hard

"@module-federation/webpack-bundler-runtime@npm:0.13.1":
  version: 0.13.1
  resolution: "@module-federation/webpack-bundler-runtime@npm:0.13.1"
  dependencies:
    "@module-federation/runtime": "npm:0.13.1"
    "@module-federation/sdk": "npm:0.13.1"
  checksum: 10c0/84f2840390b7aa3034e239136bfce920ab3b09436f5a72e912bd4709141a452b2d21c5f9378c765513870eb0b98452ba88b07fd8c80fa07c3adfc2f99d0628a5
  languageName: node
  linkType: hard

"@rsbuild/core@npm:^1.3.1":
  version: 1.3.18
  resolution: "@rsbuild/core@npm:1.3.18"
  dependencies:
    "@rspack/core": "npm:1.3.9"
    "@rspack/lite-tapable": "npm:~1.0.1"
    "@swc/helpers": "npm:^0.5.17"
    core-js: "npm:~3.42.0"
    jiti: "npm:^2.4.2"
  bin:
    rsbuild: bin/rsbuild.js
  checksum: 10c0/7b91bd1c138158dd9e0a01f19eb34caa8f0b7f029cc1d5e5ff78fb67390626fe506859151cab4b5619d09da0b21d4e8a5fb02f2a8e88886de39c38658bbc0337
  languageName: node
  linkType: hard

"@rsbuild/plugin-react@npm:^1.1.1":
  version: 1.3.1
  resolution: "@rsbuild/plugin-react@npm:1.3.1"
  dependencies:
    "@rspack/plugin-react-refresh": "npm:~1.4.2"
    react-refresh: "npm:^0.17.0"
  peerDependencies:
    "@rsbuild/core": 1.x
  checksum: 10c0/088b4e3d1f2eb3b3daeba0cf1de5389910ac55108c98c1138ec0d2b54598fd471414c07d8832239a619227ecdfbb1c025c52a943d4cfa49ff2f73140e0c6e3be
  languageName: node
  linkType: hard

"@rsbuild/plugin-sass@npm:^1.3.1":
  version: 1.3.1
  resolution: "@rsbuild/plugin-sass@npm:1.3.1"
  dependencies:
    deepmerge: "npm:^4.3.1"
    loader-utils: "npm:^2.0.4"
    postcss: "npm:^8.5.3"
    reduce-configs: "npm:^1.1.0"
    sass-embedded: "npm:^1.86.0"
  peerDependencies:
    "@rsbuild/core": 1.x
  checksum: 10c0/ca98d2bf7b8ec1c3803085dfe43d946af9a87e62ef1c17d5f5f16bee3cb71361e85a91953fb137529478a0f4909a2e5de5a4f735ece3432cea05beacabb54505
  languageName: node
  linkType: hard

"@rspack/binding-darwin-arm64@npm:1.3.9":
  version: 1.3.9
  resolution: "@rspack/binding-darwin-arm64@npm:1.3.9"
  conditions: os=darwin & cpu=arm64
  languageName: node
  linkType: hard

"@rspack/binding-darwin-x64@npm:1.3.9":
  version: 1.3.9
  resolution: "@rspack/binding-darwin-x64@npm:1.3.9"
  conditions: os=darwin & cpu=x64
  languageName: node
  linkType: hard

"@rspack/binding-linux-arm64-gnu@npm:1.3.9":
  version: 1.3.9
  resolution: "@rspack/binding-linux-arm64-gnu@npm:1.3.9"
  conditions: os=linux & cpu=arm64 & libc=glibc
  languageName: node
  linkType: hard

"@rspack/binding-linux-arm64-musl@npm:1.3.9":
  version: 1.3.9
  resolution: "@rspack/binding-linux-arm64-musl@npm:1.3.9"
  conditions: os=linux & cpu=arm64 & libc=musl
  languageName: node
  linkType: hard

"@rspack/binding-linux-x64-gnu@npm:1.3.9":
  version: 1.3.9
  resolution: "@rspack/binding-linux-x64-gnu@npm:1.3.9"
  conditions: os=linux & cpu=x64 & libc=glibc
  languageName: node
  linkType: hard

"@rspack/binding-linux-x64-musl@npm:1.3.9":
  version: 1.3.9
  resolution: "@rspack/binding-linux-x64-musl@npm:1.3.9"
  conditions: os=linux & cpu=x64 & libc=musl
  languageName: node
  linkType: hard

"@rspack/binding-win32-arm64-msvc@npm:1.3.9":
  version: 1.3.9
  resolution: "@rspack/binding-win32-arm64-msvc@npm:1.3.9"
  conditions: os=win32 & cpu=arm64
  languageName: node
  linkType: hard

"@rspack/binding-win32-ia32-msvc@npm:1.3.9":
  version: 1.3.9
  resolution: "@rspack/binding-win32-ia32-msvc@npm:1.3.9"
  conditions: os=win32 & cpu=ia32
  languageName: node
  linkType: hard

"@rspack/binding-win32-x64-msvc@npm:1.3.9":
  version: 1.3.9
  resolution: "@rspack/binding-win32-x64-msvc@npm:1.3.9"
  conditions: os=win32 & cpu=x64
  languageName: node
  linkType: hard

"@rspack/binding@npm:1.3.9":
  version: 1.3.9
  resolution: "@rspack/binding@npm:1.3.9"
  dependencies:
    "@rspack/binding-darwin-arm64": "npm:1.3.9"
    "@rspack/binding-darwin-x64": "npm:1.3.9"
    "@rspack/binding-linux-arm64-gnu": "npm:1.3.9"
    "@rspack/binding-linux-arm64-musl": "npm:1.3.9"
    "@rspack/binding-linux-x64-gnu": "npm:1.3.9"
    "@rspack/binding-linux-x64-musl": "npm:1.3.9"
    "@rspack/binding-win32-arm64-msvc": "npm:1.3.9"
    "@rspack/binding-win32-ia32-msvc": "npm:1.3.9"
    "@rspack/binding-win32-x64-msvc": "npm:1.3.9"
  dependenciesMeta:
    "@rspack/binding-darwin-arm64":
      optional: true
    "@rspack/binding-darwin-x64":
      optional: true
    "@rspack/binding-linux-arm64-gnu":
      optional: true
    "@rspack/binding-linux-arm64-musl":
      optional: true
    "@rspack/binding-linux-x64-gnu":
      optional: true
    "@rspack/binding-linux-x64-musl":
      optional: true
    "@rspack/binding-win32-arm64-msvc":
      optional: true
    "@rspack/binding-win32-ia32-msvc":
      optional: true
    "@rspack/binding-win32-x64-msvc":
      optional: true
  checksum: 10c0/794ac4face58d0f25728cb78b9d83cbba38154f14b5f48fbe8534e01ea8aeac6bd8435477146f3abdacf3b06fe2936e82df946132d72345505aea3eedfcdb73b
  languageName: node
  linkType: hard

"@rspack/core@npm:1.3.9":
  version: 1.3.9
  resolution: "@rspack/core@npm:1.3.9"
  dependencies:
    "@module-federation/runtime-tools": "npm:0.13.1"
    "@rspack/binding": "npm:1.3.9"
    "@rspack/lite-tapable": "npm:1.0.1"
    caniuse-lite: "npm:^1.0.30001717"
  peerDependencies:
    "@swc/helpers": ">=0.5.1"
  peerDependenciesMeta:
    "@swc/helpers":
      optional: true
  checksum: 10c0/ffcb2e255360e4c1344ccb4dc5ba01f2cc0c465e8c803c2188f9fdb69d119514b215d9cab55864c50cc687d6cebd5dbc3e747d12d2b6269eb63f83de7b8c11e0
  languageName: node
  linkType: hard

"@rspack/lite-tapable@npm:1.0.1, @rspack/lite-tapable@npm:~1.0.1":
  version: 1.0.1
  resolution: "@rspack/lite-tapable@npm:1.0.1"
  checksum: 10c0/90bb1bc414dc51ea2d0933e09f78d25584f3f50a85f4cb8228930bd29e5931bf55eff4f348a06c51dd3149fc73b8ae3920bf0ae5ae8a0c9fe1d9b404e6ecf5b7
  languageName: node
  linkType: hard

"@rspack/plugin-react-refresh@npm:~1.4.2":
  version: 1.4.2
  resolution: "@rspack/plugin-react-refresh@npm:1.4.2"
  dependencies:
    error-stack-parser: "npm:^2.1.4"
    html-entities: "npm:^2.6.0"
  peerDependencies:
    react-refresh: ">=0.10.0 <1.0.0"
    webpack-hot-middleware: 2.x
  peerDependenciesMeta:
    webpack-hot-middleware:
      optional: true
  checksum: 10c0/9a57d3269c2f32bbd226f1f27fdbfc17f1afcb40c3169e1fae570c48ca5f48c073cd92ee80e9ac42eeaafcafff9a6b6b06d0094dbcd09ea84ca8337888859d5b
  languageName: node
  linkType: hard

"@swc/helpers@npm:^0.5.17":
  version: 0.5.17
  resolution: "@swc/helpers@npm:0.5.17"
  dependencies:
    tslib: "npm:^2.8.0"
  checksum: 10c0/fe1f33ebb968558c5a0c595e54f2e479e4609bff844f9ca9a2d1ffd8dd8504c26f862a11b031f48f75c95b0381c2966c3dd156e25942f90089badd24341e7dbb
  languageName: node
  linkType: hard

"@types/ramda@npm:^0.30.2":
  version: 0.30.2
  resolution: "@types/ramda@npm:0.30.2"
  dependencies:
    types-ramda: "npm:^0.30.1"
  checksum: 10c0/dda95008860f594eb7b4fd9819adeb2dcd4d4e2baca6cb33f692f6f8ea76d04a7fd81f9a057c5c67555612769e5592cb15f91de6c9f8b619b8b1d806d19dc9ea
  languageName: node
  linkType: hard

"@types/react-dom@npm:^19.1.1":
  version: 19.1.3
  resolution: "@types/react-dom@npm:19.1.3"
  peerDependencies:
    "@types/react": ^19.0.0
  checksum: 10c0/bb1e3f7a446958f5aa7e46f74cf8470dab7444ab958a57efacca1abcc9847e4ca71e2df68515176ed8fe3fc89315bd949d60f1f346cbadbdbf302bff59d3961b
  languageName: node
  linkType: hard

"@types/react@npm:^19.1.2":
  version: 19.1.3
  resolution: "@types/react@npm:19.1.3"
  dependencies:
    csstype: "npm:^3.0.2"
  checksum: 10c0/f158f88871b8df1eeed637942d3e6142abcf505b617e4921ef3763b6d4f22241b9a883d864878dd2b6a2bdc8f4e7f871f24ef88f633d144a63257f4764b9478d
  languageName: node
  linkType: hard

"big.js@npm:^5.2.2":
  version: 5.2.2
  resolution: "big.js@npm:5.2.2"
  checksum: 10c0/230520f1ff920b2d2ce3e372d77a33faa4fa60d802fe01ca4ffbc321ee06023fe9a741ac02793ee778040a16b7e497f7d60c504d1c402b8fdab6f03bb785a25f
  languageName: node
  linkType: hard

"buffer-builder@npm:^0.2.0":
  version: 0.2.0
  resolution: "buffer-builder@npm:0.2.0"
  checksum: 10c0/e50c3a379f4acaea75ade1ee3e8c07ed6d7c5dfc3f98adbcf0159bfe1a4ce8ca1fe3689e861fcdb3fcef0012ebd4345a6112a5b8a1185295452bb66d7b6dc8a1
  languageName: node
  linkType: hard

"caniuse-lite@npm:^1.0.30001717":
  version: 1.0.30001717
  resolution: "caniuse-lite@npm:1.0.30001717"
  checksum: 10c0/6c0bb1e5182fd578ebe97ee2203250849754a4e17d985839fab527ad27e125a4c4ffce3ece5505217fedf30ea0bbc17ac9f93e9ac525c0389ccba61c6e8345dc
  languageName: node
  linkType: hard

"classnames@npm:^2.5.1":
  version: 2.5.1
  resolution: "classnames@npm:2.5.1"
  checksum: 10c0/afff4f77e62cea2d79c39962980bf316bacb0d7c49e13a21adaadb9221e1c6b9d3cdb829d8bb1b23c406f4e740507f37e1dcf506f7e3b7113d17c5bab787aa69
  languageName: node
  linkType: hard

"colorjs.io@npm:^0.5.0":
  version: 0.5.2
  resolution: "colorjs.io@npm:0.5.2"
  checksum: 10c0/2e6ea43629e325e721b92429239de3a6f42fb6d88ba6e4c2aeff0288c196d876f2f7ee82aea95bd40072d5cdc8cb87f042f4d94c134dcabf0e34a717e4caacb9
  languageName: node
  linkType: hard

"cookie@npm:^1.0.1":
  version: 1.0.2
  resolution: "cookie@npm:1.0.2"
  checksum: 10c0/fd25fe79e8fbcfcaf6aa61cd081c55d144eeeba755206c058682257cb38c4bd6795c6620de3f064c740695bb65b7949ebb1db7a95e4636efb8357a335ad3f54b
  languageName: node
  linkType: hard

"core-js@npm:~3.42.0":
  version: 3.42.0
  resolution: "core-js@npm:3.42.0"
  checksum: 10c0/2913d3d5452d54ad92f058d66046782d608c05e037bcc523aab79c04454fe640998f94e6011292969d66dfa472f398b085ce843dcb362056532a5799c627184e
  languageName: node
  linkType: hard

"csstype@npm:^3.0.2":
  version: 3.1.3
  resolution: "csstype@npm:3.1.3"
  checksum: 10c0/80c089d6f7e0c5b2bd83cf0539ab41474198579584fa10d86d0cafe0642202343cbc119e076a0b1aece191989477081415d66c9fefbf3c957fc2fc4b7009f248
  languageName: node
  linkType: hard

"deepmerge@npm:^4.3.1":
  version: 4.3.1
  resolution: "deepmerge@npm:4.3.1"
  checksum: 10c0/e53481aaf1aa2c4082b5342be6b6d8ad9dfe387bc92ce197a66dea08bd4265904a087e75e464f14d1347cf2ac8afe1e4c16b266e0561cc5df29382d3c5f80044
  languageName: node
  linkType: hard

"emojis-list@npm:^3.0.0":
  version: 3.0.0
  resolution: "emojis-list@npm:3.0.0"
  checksum: 10c0/7dc4394b7b910444910ad64b812392159a21e1a7ecc637c775a440227dcb4f80eff7fe61f4453a7d7603fa23d23d30cc93fe9e4b5ed985b88d6441cd4a35117b
  languageName: node
  linkType: hard

"error-stack-parser@npm:^2.1.4":
  version: 2.1.4
  resolution: "error-stack-parser@npm:2.1.4"
  dependencies:
    stackframe: "npm:^1.3.4"
  checksum: 10c0/7679b780043c98b01fc546725484e0cfd3071bf5c906bbe358722972f04abf4fc3f0a77988017665bab367f6ef3fc2d0185f7528f45966b83e7c99c02d5509b9
  languageName: node
  linkType: hard

"has-flag@npm:^4.0.0":
  version: 4.0.0
  resolution: "has-flag@npm:4.0.0"
  checksum: 10c0/2e789c61b7888d66993e14e8331449e525ef42aac53c627cc53d1c3334e768bcb6abdc4f5f0de1478a25beec6f0bd62c7549058b7ac53e924040d4f301f02fd1
  languageName: node
  linkType: hard

"html-entities@npm:^2.6.0":
  version: 2.6.0
  resolution: "html-entities@npm:2.6.0"
  checksum: 10c0/7c8b15d9ea0cd00dc9279f61bab002ba6ca8a7a0f3c36ed2db3530a67a9621c017830d1d2c1c65beb9b8e3436ea663e9cf8b230472e0e413359399413b27c8b7
  languageName: node
  linkType: hard

"immutable@npm:^5.0.2":
  version: 5.1.2
  resolution: "immutable@npm:5.1.2"
  checksum: 10c0/da5af92d2c70323c1f9a0e418832c9eef441feadaf6a295a4e07764bd2400c85186872e016071d9253549d58d364160d55dca8dcdf59fd4a6a06c6756fe61657
  languageName: node
  linkType: hard

"jiti@npm:^2.4.2":
  version: 2.4.2
  resolution: "jiti@npm:2.4.2"
  bin:
    jiti: lib/jiti-cli.mjs
  checksum: 10c0/4ceac133a08c8faff7eac84aabb917e85e8257f5ad659e843004ce76e981c457c390a220881748ac67ba1b940b9b729b30fb85cbaf6e7989f04b6002c94da331
  languageName: node
  linkType: hard

"json5@npm:^2.1.2":
  version: 2.2.3
  resolution: "json5@npm:2.2.3"
  bin:
    json5: lib/cli.js
  checksum: 10c0/5a04eed94810fa55c5ea138b2f7a5c12b97c3750bc63d11e511dcecbfef758003861522a070c2272764ee0f4e3e323862f386945aeb5b85b87ee43f084ba586c
  languageName: node
  linkType: hard

"loader-utils@npm:^2.0.4":
  version: 2.0.4
  resolution: "loader-utils@npm:2.0.4"
  dependencies:
    big.js: "npm:^5.2.2"
    emojis-list: "npm:^3.0.0"
    json5: "npm:^2.1.2"
  checksum: 10c0/d5654a77f9d339ec2a03d88221a5a695f337bf71eb8dea031b3223420bb818964ba8ed0069145c19b095f6c8b8fd386e602a3fc7ca987042bd8bb1dcc90d7100
  languageName: node
  linkType: hard

"nanoid@npm:^3.3.8":
  version: 3.3.11
  resolution: "nanoid@npm:3.3.11"
  bin:
    nanoid: bin/nanoid.cjs
  checksum: 10c0/40e7f70b3d15f725ca072dfc4f74e81fcf1fbb02e491cf58ac0c79093adc9b0a73b152bcde57df4b79cd097e13023d7504acb38404a4da7bc1cd8e887b82fe0b
  languageName: node
  linkType: hard

"note-taker-app@workspace:.":
  version: 0.0.0-use.local
  resolution: "note-taker-app@workspace:."
  dependencies:
    "@biomejs/biome": "npm:^1.9.4"
    "@rsbuild/core": "npm:^1.3.1"
    "@rsbuild/plugin-react": "npm:^1.1.1"
    "@rsbuild/plugin-sass": "npm:^1.3.1"
    "@types/ramda": "npm:^0.30.2"
    "@types/react": "npm:^19.1.2"
    "@types/react-dom": "npm:^19.1.1"
    classnames: "npm:^2.5.1"
    ramda: "npm:^0.30.1"
    react: "npm:^19.1.0"
    react-dom: "npm:^19.1.0"
    react-router: "npm:^7.6.0"
    typescript: "npm:^5.8.2"
  languageName: unknown
  linkType: soft

"picocolors@npm:^1.1.1":
  version: 1.1.1
  resolution: "picocolors@npm:1.1.1"
  checksum: 10c0/e2e3e8170ab9d7c7421969adaa7e1b31434f789afb9b3f115f6b96d91945041ac3ceb02e9ec6fe6510ff036bcc0bf91e69a1772edc0b707e12b19c0f2d6bcf58
  languageName: node
  linkType: hard

"postcss@npm:^8.5.3":
  version: 8.5.3
  resolution: "postcss@npm:8.5.3"
  dependencies:
    nanoid: "npm:^3.3.8"
    picocolors: "npm:^1.1.1"
    source-map-js: "npm:^1.2.1"
  checksum: 10c0/b75510d7b28c3ab728c8733dd01538314a18c52af426f199a3c9177e63eb08602a3938bfb66b62dc01350b9aed62087eabbf229af97a1659eb8d3513cec823b3
  languageName: node
  linkType: hard

"ramda@npm:^0.30.1":
  version: 0.30.1
  resolution: "ramda@npm:0.30.1"
  checksum: 10c0/3ea3e35c80e1a1b78c23de0c72d3382c3446f42052b113b851f1b7fc421e33a45ce92e7aef3c705cc6de3812a209d03417af5c264f67126cda539fd66c8bea71
  languageName: node
  linkType: hard

"react-dom@npm:^19.1.0":
  version: 19.1.0
  resolution: "react-dom@npm:19.1.0"
  dependencies:
    scheduler: "npm:^0.26.0"
  peerDependencies:
    react: ^19.1.0
  checksum: 10c0/3e26e89bb6c67c9a6aa86cb888c7a7f8258f2e347a6d2a15299c17eb16e04c19194e3452bc3255bd34000a61e45e2cb51e46292392340432f133e5a5d2dfb5fc
  languageName: node
  linkType: hard

"react-refresh@npm:^0.17.0":
  version: 0.17.0
  resolution: "react-refresh@npm:0.17.0"
  checksum: 10c0/002cba940384c9930008c0bce26cac97a9d5682bc623112c2268ba0c155127d9c178a9a5cc2212d560088d60dfd503edd808669a25f9b377f316a32361d0b23c
  languageName: node
  linkType: hard

"react-router@npm:^7.6.0":
  version: 7.6.0
  resolution: "react-router@npm:7.6.0"
  dependencies:
    cookie: "npm:^1.0.1"
    set-cookie-parser: "npm:^2.6.0"
  peerDependencies:
    react: ">=18"
    react-dom: ">=18"
  peerDependenciesMeta:
    react-dom:
      optional: true
  checksum: 10c0/abc4d37c01804a3137b1cfd12cf7e55bff092a67c835404ab9da1411ec9e170fe72773b9846d2db084cc0272179237e59d88dbf46cef9db031892feebcb48640
  languageName: node
  linkType: hard

"react@npm:^19.1.0":
  version: 19.1.0
  resolution: "react@npm:19.1.0"
  checksum: 10c0/530fb9a62237d54137a13d2cfb67a7db6a2156faed43eecc423f4713d9b20c6f2728b026b45e28fcd72e8eadb9e9ed4b089e99f5e295d2f0ad3134251bdd3698
  languageName: node
  linkType: hard

"reduce-configs@npm:^1.1.0":
  version: 1.1.0
  resolution: "reduce-configs@npm:1.1.0"
  checksum: 10c0/23c7a7c5f75f70f5b8afd23a042e8ce58a953acab4c581d91d4f6efaaf8c43e4e7ab09478601b42f624e92ebf9c7e433d06005d90599dc069833942813852e10
  languageName: node
  linkType: hard

"rxjs@npm:^7.4.0":
  version: 7.8.2
  resolution: "rxjs@npm:7.8.2"
  dependencies:
    tslib: "npm:^2.1.0"
  checksum: 10c0/1fcd33d2066ada98ba8f21fcbbcaee9f0b271de1d38dc7f4e256bfbc6ffcdde68c8bfb69093de7eeb46f24b1fb820620bf0223706cff26b4ab99a7ff7b2e2c45
  languageName: node
  linkType: hard

"sass-embedded-android-arm64@npm:1.87.0":
  version: 1.87.0
  resolution: "sass-embedded-android-arm64@npm:1.87.0"
  conditions: os=android & cpu=arm64
  languageName: node
  linkType: hard

"sass-embedded-android-arm@npm:1.87.0":
  version: 1.87.0
  resolution: "sass-embedded-android-arm@npm:1.87.0"
  conditions: os=android & cpu=arm
  languageName: node
  linkType: hard

"sass-embedded-android-ia32@npm:1.87.0":
  version: 1.87.0
  resolution: "sass-embedded-android-ia32@npm:1.87.0"
  conditions: os=android & cpu=ia32
  languageName: node
  linkType: hard

"sass-embedded-android-riscv64@npm:1.87.0":
  version: 1.87.0
  resolution: "sass-embedded-android-riscv64@npm:1.87.0"
  conditions: os=android & cpu=riscv64
  languageName: node
  linkType: hard

"sass-embedded-android-x64@npm:1.87.0":
  version: 1.87.0
  resolution: "sass-embedded-android-x64@npm:1.87.0"
  conditions: os=android & cpu=x64
  languageName: node
  linkType: hard

"sass-embedded-darwin-arm64@npm:1.87.0":
  version: 1.87.0
  resolution: "sass-embedded-darwin-arm64@npm:1.87.0"
  conditions: os=darwin & cpu=arm64
  languageName: node
  linkType: hard

"sass-embedded-darwin-x64@npm:1.87.0":
  version: 1.87.0
  resolution: "sass-embedded-darwin-x64@npm:1.87.0"
  conditions: os=darwin & cpu=x64
  languageName: node
  linkType: hard

"sass-embedded-linux-arm64@npm:1.87.0":
  version: 1.87.0
  resolution: "sass-embedded-linux-arm64@npm:1.87.0"
  conditions: os=linux & cpu=arm64
  languageName: node
  linkType: hard

"sass-embedded-linux-arm@npm:1.87.0":
  version: 1.87.0
  resolution: "sass-embedded-linux-arm@npm:1.87.0"
  conditions: os=linux & cpu=arm
  languageName: node
  linkType: hard

"sass-embedded-linux-ia32@npm:1.87.0":
  version: 1.87.0
  resolution: "sass-embedded-linux-ia32@npm:1.87.0"
  conditions: os=linux & cpu=ia32
  languageName: node
  linkType: hard

"sass-embedded-linux-musl-arm64@npm:1.87.0":
  version: 1.87.0
  resolution: "sass-embedded-linux-musl-arm64@npm:1.87.0"
  conditions: os=linux & cpu=arm64
  languageName: node
  linkType: hard

"sass-embedded-linux-musl-arm@npm:1.87.0":
  version: 1.87.0
  resolution: "sass-embedded-linux-musl-arm@npm:1.87.0"
  conditions: os=linux & cpu=arm
  languageName: node
  linkType: hard

"sass-embedded-linux-musl-ia32@npm:1.87.0":
  version: 1.87.0
  resolution: "sass-embedded-linux-musl-ia32@npm:1.87.0"
  conditions: os=linux & cpu=ia32
  languageName: node
  linkType: hard

"sass-embedded-linux-musl-riscv64@npm:1.87.0":
  version: 1.87.0
  resolution: "sass-embedded-linux-musl-riscv64@npm:1.87.0"
  conditions: os=linux & cpu=riscv64
  languageName: node
  linkType: hard

"sass-embedded-linux-musl-x64@npm:1.87.0":
  version: 1.87.0
  resolution: "sass-embedded-linux-musl-x64@npm:1.87.0"
  conditions: os=linux & cpu=x64
  languageName: node
  linkType: hard

"sass-embedded-linux-riscv64@npm:1.87.0":
  version: 1.87.0
  resolution: "sass-embedded-linux-riscv64@npm:1.87.0"
  conditions: os=linux & cpu=riscv64
  languageName: node
  linkType: hard

"sass-embedded-linux-x64@npm:1.87.0":
  version: 1.87.0
  resolution: "sass-embedded-linux-x64@npm:1.87.0"
  conditions: os=linux & cpu=x64
  languageName: node
  linkType: hard

"sass-embedded-win32-arm64@npm:1.87.0":
  version: 1.87.0
  resolution: "sass-embedded-win32-arm64@npm:1.87.0"
  conditions: os=win32 & cpu=arm64
  languageName: node
  linkType: hard

"sass-embedded-win32-ia32@npm:1.87.0":
  version: 1.87.0
  resolution: "sass-embedded-win32-ia32@npm:1.87.0"
  conditions: os=win32 & cpu=ia32
  languageName: node
  linkType: hard

"sass-embedded-win32-x64@npm:1.87.0":
  version: 1.87.0
  resolution: "sass-embedded-win32-x64@npm:1.87.0"
  conditions: os=win32 & cpu=x64
  languageName: node
  linkType: hard

"sass-embedded@npm:^1.86.0":
  version: 1.87.0
  resolution: "sass-embedded@npm:1.87.0"
  dependencies:
    "@bufbuild/protobuf": "npm:^2.0.0"
    buffer-builder: "npm:^0.2.0"
    colorjs.io: "npm:^0.5.0"
    immutable: "npm:^5.0.2"
    rxjs: "npm:^7.4.0"
    sass-embedded-android-arm: "npm:1.87.0"
    sass-embedded-android-arm64: "npm:1.87.0"
    sass-embedded-android-ia32: "npm:1.87.0"
    sass-embedded-android-riscv64: "npm:1.87.0"
    sass-embedded-android-x64: "npm:1.87.0"
    sass-embedded-darwin-arm64: "npm:1.87.0"
    sass-embedded-darwin-x64: "npm:1.87.0"
    sass-embedded-linux-arm: "npm:1.87.0"
    sass-embedded-linux-arm64: "npm:1.87.0"
    sass-embedded-linux-ia32: "npm:1.87.0"
    sass-embedded-linux-musl-arm: "npm:1.87.0"
    sass-embedded-linux-musl-arm64: "npm:1.87.0"
    sass-embedded-linux-musl-ia32: "npm:1.87.0"
    sass-embedded-linux-musl-riscv64: "npm:1.87.0"
    sass-embedded-linux-musl-x64: "npm:1.87.0"
    sass-embedded-linux-riscv64: "npm:1.87.0"
    sass-embedded-linux-x64: "npm:1.87.0"
    sass-embedded-win32-arm64: "npm:1.87.0"
    sass-embedded-win32-ia32: "npm:1.87.0"
    sass-embedded-win32-x64: "npm:1.87.0"
    supports-color: "npm:^8.1.1"
    sync-child-process: "npm:^1.0.2"
    varint: "npm:^6.0.0"
  dependenciesMeta:
    sass-embedded-android-arm:
      optional: true
    sass-embedded-android-arm64:
      optional: true
    sass-embedded-android-ia32:
      optional: true
    sass-embedded-android-riscv64:
      optional: true
    sass-embedded-android-x64:
      optional: true
    sass-embedded-darwin-arm64:
      optional: true
    sass-embedded-darwin-x64:
      optional: true
    sass-embedded-linux-arm:
      optional: true
    sass-embedded-linux-arm64:
      optional: true
    sass-embedded-linux-ia32:
      optional: true
    sass-embedded-linux-musl-arm:
      optional: true
    sass-embedded-linux-musl-arm64:
      optional: true
    sass-embedded-linux-musl-ia32:
      optional: true
    sass-embedded-linux-musl-riscv64:
      optional: true
    sass-embedded-linux-musl-x64:
      optional: true
    sass-embedded-linux-riscv64:
      optional: true
    sass-embedded-linux-x64:
      optional: true
    sass-embedded-win32-arm64:
      optional: true
    sass-embedded-win32-ia32:
      optional: true
    sass-embedded-win32-x64:
      optional: true
  bin:
    sass: dist/bin/sass.js
  checksum: 10c0/44b6dd76bc14a1d75cfae99cc577ccb3b034325886fe77409a739ea3e789c6c04f712a7b579ab9adbacfd1d8f091035799675419d8ec357642295a7f29f4225f
  languageName: node
  linkType: hard

"scheduler@npm:^0.26.0":
  version: 0.26.0
  resolution: "scheduler@npm:0.26.0"
  checksum: 10c0/5b8d5bfddaae3513410eda54f2268e98a376a429931921a81b5c3a2873aab7ca4d775a8caac5498f8cbc7d0daeab947cf923dbd8e215d61671f9f4e392d34356
  languageName: node
  linkType: hard

"set-cookie-parser@npm:^2.6.0":
  version: 2.7.1
  resolution: "set-cookie-parser@npm:2.7.1"
  checksum: 10c0/060c198c4c92547ac15988256f445eae523f57f2ceefeccf52d30d75dedf6bff22b9c26f756bd44e8e560d44ff4ab2130b178bd2e52ef5571bf7be3bd7632d9a
  languageName: node
  linkType: hard

"source-map-js@npm:^1.2.1":
  version: 1.2.1
  resolution: "source-map-js@npm:1.2.1"
  checksum: 10c0/7bda1fc4c197e3c6ff17de1b8b2c20e60af81b63a52cb32ec5a5d67a20a7d42651e2cb34ebe93833c5a2a084377e17455854fee3e21e7925c64a51b6a52b0faf
  languageName: node
  linkType: hard

"stackframe@npm:^1.3.4":
  version: 1.3.4
  resolution: "stackframe@npm:1.3.4"
  checksum: 10c0/18410f7a1e0c5d211a4effa83bdbf24adbe8faa8c34db52e1cd3e89837518c592be60b60d8b7270ac53eeeb8b807cd11b399a41667f6c9abb41059c3ccc8a989
  languageName: node
  linkType: hard

"supports-color@npm:^8.1.1":
  version: 8.1.1
  resolution: "supports-color@npm:8.1.1"
  dependencies:
    has-flag: "npm:^4.0.0"
  checksum: 10c0/ea1d3c275dd604c974670f63943ed9bd83623edc102430c05adb8efc56ba492746b6e95386e7831b872ec3807fd89dd8eb43f735195f37b5ec343e4234cc7e89
  languageName: node
  linkType: hard

"sync-child-process@npm:^1.0.2":
  version: 1.0.2
  resolution: "sync-child-process@npm:1.0.2"
  dependencies:
    sync-message-port: "npm:^1.0.0"
  checksum: 10c0/f73c87251346fba28da8ac5bc8ed4c9474504a5250ab4bd44582beae8e25c230e0a5b7b16076488fee1aed39a1865de5ed4cec19c6fa4efdbb1081c514615170
  languageName: node
  linkType: hard

"sync-message-port@npm:^1.0.0":
  version: 1.1.3
  resolution: "sync-message-port@npm:1.1.3"
  checksum: 10c0/d259b08ab6da284135ba45bc13724268688b469371259f5978b2905e2c79342032b9240093b2483e83cfeccfd3a5e8300978e67090385f9b6b38941fcce1aec4
  languageName: node
  linkType: hard

"ts-toolbelt@npm:^9.6.0":
  version: 9.6.0
  resolution: "ts-toolbelt@npm:9.6.0"
  checksum: 10c0/838f9a2f0fe881d5065257a23b402c41315b33ff987b73db3e2b39fcb70640c4c7220e1ef118ed5676763543724fdbf4eda7b0e2c17acb667ed1401336af9f8c
  languageName: node
  linkType: hard

"tslib@npm:^2.1.0, tslib@npm:^2.8.0":
  version: 2.8.1
  resolution: "tslib@npm:2.8.1"
  checksum: 10c0/9c4759110a19c53f992d9aae23aac5ced636e99887b51b9e61def52611732872ff7668757d4e4c61f19691e36f4da981cd9485e869b4a7408d689f6bf1f14e62
  languageName: node
  linkType: hard

"types-ramda@npm:^0.30.1":
  version: 0.30.1
  resolution: "types-ramda@npm:0.30.1"
  dependencies:
    ts-toolbelt: "npm:^9.6.0"
  checksum: 10c0/4a8b230ae9772e6534f65b1a154dd5604bcd1d74e27b49686337a215e83aa8fc93e49f8c49af395418d2950cb9fb9b900662077c1d4b73ff6fe4f4bcb83ab2d6
  languageName: node
  linkType: hard

"typescript@npm:^5.8.2":
  version: 5.8.3
  resolution: "typescript@npm:5.8.3"
  bin:
    tsc: bin/tsc
    tsserver: bin/tsserver
  checksum: 10c0/5f8bb01196e542e64d44db3d16ee0e4063ce4f3e3966df6005f2588e86d91c03e1fb131c2581baf0fb65ee79669eea6e161cd448178986587e9f6844446dbb48
  languageName: node
  linkType: hard

"typescript@patch:typescript@npm%3A^5.8.2#optional!builtin<compat/typescript>":
  version: 5.8.3
  resolution: "typescript@patch:typescript@npm%3A5.8.3#optional!builtin<compat/typescript>::version=5.8.3&hash=5786d5"
  bin:
    tsc: bin/tsc
    tsserver: bin/tsserver
  checksum: 10c0/39117e346ff8ebd87ae1510b3a77d5d92dae5a89bde588c747d25da5c146603a99c8ee588c7ef80faaf123d89ed46f6dbd918d534d641083177d5fac38b8a1cb
  languageName: node
  linkType: hard

"varint@npm:^6.0.0":
  version: 6.0.0
  resolution: "varint@npm:6.0.0"
  checksum: 10c0/737fc37088a62ed3bd21466e318d21ca7ac4991d0f25546f518f017703be4ed0f9df1c5559f1dd533dddba4435a1b758fd9230e4772c1a930ef72b42f5c750fd
  languageName: node
  linkType: hard
